
Microsoft Visual Studio Solution File, Format Version 12.00
# Visual Studio Version 17
VisualStudioVersion = 17.14.36518.9
MinimumVisualStudioVersion = 10.0.40219.1
Project("{FAE04EC0-301F-11D3-BF4B-00C04F79EFBC}") = "QueryDocs.API", "QueryDocs.API\QueryDocs.API.csproj", "{52403C58-B971-427F-A032-9D3E95708DA8}"
EndProject
Project("{FAE04EC0-301F-11D3-BF4B-00C04F79EFBC}") = "QueryDocs.Domain", "QueryDocs.Domain\QueryDocs.Domain.csproj", "{B1C9C174-4F91-4B93-BDFF-C8FFFAC1E51F}"
EndProject
Project("{FAE04EC0-301F-11D3-BF4B-00C04F79EFBC}") = "QueryDocs.Infrastructure", "QueryDocs.Infrastructure\QueryDocs.Infrastructure.csproj", "{185953E9-B389-4799-BC03-F103B336A9B5}"
EndProject
Project("{FAE04EC0-301F-11D3-BF4B-00C04F79EFBC}") = "QueryDocs.Services", "QueryDocs.Services\QueryDocs.Services.csproj", "{08D26C0B-224F-41CB-910B-0F1A1FFEA09B}"
EndProject
Global
	GlobalSection(SolutionConfigurationPlatforms) = preSolution
		Debug|Any CPU = Debug|Any CPU
		Release|Any CPU = Release|Any CPU
	EndGlobalSection
	GlobalSection(ProjectConfigurationPlatforms) = postSolution
		{52403C58-B971-427F-A032-9D3E95708DA8}.Debug|Any CPU.ActiveCfg = Debug|Any CPU
		{52403C58-B971-427F-A032-9D3E95708DA8}.Debug|Any CPU.Build.0 = Debug|Any CPU
		{52403C58-B971-427F-A032-9D3E95708DA8}.Release|Any CPU.ActiveCfg = Release|Any CPU
		{52403C58-B971-427F-A032-9D3E95708DA8}.Release|Any CPU.Build.0 = Release|Any CPU
		{B1C9C174-4F91-4B93-BDFF-C8FFFAC1E51F}.Debug|Any CPU.ActiveCfg = Debug|Any CPU
		{B1C9C174-4F91-4B93-BDFF-C8FFFAC1E51F}.Debug|Any CPU.Build.0 = Debug|Any CPU
		{B1C9C174-4F91-4B93-BDFF-C8FFFAC1E51F}.Release|Any CPU.ActiveCfg = Release|Any CPU
		{B1C9C174-4F91-4B93-BDFF-C8FFFAC1E51F}.Release|Any CPU.Build.0 = Release|Any CPU
		{185953E9-B389-4799-BC03-F103B336A9B5}.Debug|Any CPU.ActiveCfg = Debug|Any CPU
		{185953E9-B389-4799-BC03-F103B336A9B5}.Debug|Any CPU.Build.0 = Debug|Any CPU
		{185953E9-B389-4799-BC03-F103B336A9B5}.Release|Any CPU.ActiveCfg = Release|Any CPU
		{185953E9-B389-4799-BC03-F103B336A9B5}.Release|Any CPU.Build.0 = Release|Any CPU
		{08D26C0B-224F-41CB-910B-0F1A1FFEA09B}.Debug|Any CPU.ActiveCfg = Debug|Any CPU
		{08D26C0B-224F-41CB-910B-0F1A1FFEA09B}.Debug|Any CPU.Build.0 = Debug|Any CPU
		{08D26C0B-224F-41CB-910B-0F1A1FFEA09B}.Release|Any CPU.ActiveCfg = Release|Any CPU
		{08D26C0B-224F-41CB-910B-0F1A1FFEA09B}.Release|Any CPU.Build.0 = Release|Any CPU
	EndGlobalSection
	GlobalSection(SolutionProperties) = preSolution
		HideSolutionNode = FALSE
	EndGlobalSection
	GlobalSection(ExtensibilityGlobals) = postSolution
		SolutionGuid = {1422AE87-C71C-4672-98D6-7D12939307DF}
	EndGlobalSection
EndGlobal
